
Microsoft Visual Studio Solution File, Format Version 12.00
# Visual Studio Version 17
VisualStudioVersion = 17.14.36414.22 d17.14
MinimumVisualStudioVersion = 10.0.40219.1
Project("{2150E333-8FDC-42A3-9474-1A3956D46DE8}") = "FrontEnd", "FrontEnd", "{02EA681E-C7D8-13C7-8484-4AC65E1B71E8}"
EndProject
Project("{2150E333-8FDC-42A3-9474-1A3956D46DE8}") = "Services", "Services", "{D4BB27F1-1716-4E6C-A21A-4D05384BDF21}"
EndProject
Project("{FAE04EC0-301F-11D3-BF4B-00C04F79EFBC}") = "ECommerceApp.Services.CouponService", "ECommerceApp.Services.CouponService\ECommerceApp.Services.CouponService.csproj", "{A13D0FA9-8CE4-41EA-A91B-4DB182FAEC4B}"
EndProject
Project("{FAE04EC0-301F-11D3-BF4B-00C04F79EFBC}") = "ECommerceApp.Web", "ECommerceApp.Web\ECommerceApp.Web.csproj", "{A154C040-1DB2-40FA-9AE8-40936EAB513E}"
EndProject
Project("{FAE04EC0-301F-11D3-BF4B-00C04F79EFBC}") = "ECommerceApp.Services.AuthService", "ECommerceApp.Services.AuthService\ECommerceApp.Services.AuthService.csproj", "{08DC1A55-EF52-4F5F-9FAA-354A3D2C5CC4}"
EndProject
Project("{FAE04EC0-301F-11D3-BF4B-00C04F79EFBC}") = "ECommerceApp.Services.ProductService", "ECommerceApp.Services.ProductService\ECommerceApp.Services.ProductService.csproj", "{BF896706-8251-4E63-A33C-BC6BBAAD90AA}"
EndProject
Project("{FAE04EC0-301F-11D3-BF4B-00C04F79EFBC}") = "ECommerceApp.Services.EmailService", "ECommerceApp.Services.EmailService\ECommerceApp.Services.EmailService.csproj", "{B47BF7C2-5F76-4B9C-A961-031AE29F5139}"
EndProject
Project("{FAE04EC0-301F-11D3-BF4B-00C04F79EFBC}") = "ECommerceApp.Services.OrderService", "ECommerceApp.Services.OrderService\ECommerceApp.Services.OrderService.csproj", "{D394E71B-F001-45AE-86EF-0039E4383E7A}"
EndProject
Project("{FAE04EC0-301F-11D3-BF4B-00C04F79EFBC}") = "ECommerceApp.Services.CartService", "ECommerceApp.Services.CartService\ECommerceApp.Services.CartService.csproj", "{F35049D6-FD71-4C48-8D6A-7EAE24A4F64D}"
EndProject
Global
	GlobalSection(SolutionConfigurationPlatforms) = preSolution
		Debug|Any CPU = Debug|Any CPU
		Release|Any CPU = Release|Any CPU
	EndGlobalSection
	GlobalSection(ProjectConfigurationPlatforms) = postSolution
		{A13D0FA9-8CE4-41EA-A91B-4DB182FAEC4B}.Debug|Any CPU.ActiveCfg = Debug|Any CPU
		{A13D0FA9-8CE4-41EA-A91B-4DB182FAEC4B}.Debug|Any CPU.Build.0 = Debug|Any CPU
		{A13D0FA9-8CE4-41EA-A91B-4DB182FAEC4B}.Release|Any CPU.ActiveCfg = Release|Any CPU
		{A13D0FA9-8CE4-41EA-A91B-4DB182FAEC4B}.Release|Any CPU.Build.0 = Release|Any CPU
		{A154C040-1DB2-40FA-9AE8-40936EAB513E}.Debug|Any CPU.ActiveCfg = Debug|Any CPU
		{A154C040-1DB2-40FA-9AE8-40936EAB513E}.Debug|Any CPU.Build.0 = Debug|Any CPU
		{A154C040-1DB2-40FA-9AE8-40936EAB513E}.Release|Any CPU.ActiveCfg = Release|Any CPU
		{A154C040-1DB2-40FA-9AE8-40936EAB513E}.Release|Any CPU.Build.0 = Release|Any CPU
		{08DC1A55-EF52-4F5F-9FAA-354A3D2C5CC4}.Debug|Any CPU.ActiveCfg = Debug|Any CPU
		{08DC1A55-EF52-4F5F-9FAA-354A3D2C5CC4}.Debug|Any CPU.Build.0 = Debug|Any CPU
		{08DC1A55-EF52-4F5F-9FAA-354A3D2C5CC4}.Release|Any CPU.ActiveCfg = Release|Any CPU
		{08DC1A55-EF52-4F5F-9FAA-354A3D2C5CC4}.Release|Any CPU.Build.0 = Release|Any CPU
		{BF896706-8251-4E63-A33C-BC6BBAAD90AA}.Debug|Any CPU.ActiveCfg = Debug|Any CPU
		{BF896706-8251-4E63-A33C-BC6BBAAD90AA}.Debug|Any CPU.Build.0 = Debug|Any CPU
		{BF896706-8251-4E63-A33C-BC6BBAAD90AA}.Release|Any CPU.ActiveCfg = Release|Any CPU
		{BF896706-8251-4E63-A33C-BC6BBAAD90AA}.Release|Any CPU.Build.0 = Release|Any CPU
		{B47BF7C2-5F76-4B9C-A961-031AE29F5139}.Debug|Any CPU.ActiveCfg = Debug|Any CPU
		{B47BF7C2-5F76-4B9C-A961-031AE29F5139}.Debug|Any CPU.Build.0 = Debug|Any CPU
		{B47BF7C2-5F76-4B9C-A961-031AE29F5139}.Release|Any CPU.ActiveCfg = Release|Any CPU
		{B47BF7C2-5F76-4B9C-A961-031AE29F5139}.Release|Any CPU.Build.0 = Release|Any CPU
		{D394E71B-F001-45AE-86EF-0039E4383E7A}.Debug|Any CPU.ActiveCfg = Debug|Any CPU
		{D394E71B-F001-45AE-86EF-0039E4383E7A}.Debug|Any CPU.Build.0 = Debug|Any CPU
		{D394E71B-F001-45AE-86EF-0039E4383E7A}.Release|Any CPU.ActiveCfg = Release|Any CPU
		{D394E71B-F001-45AE-86EF-0039E4383E7A}.Release|Any CPU.Build.0 = Release|Any CPU
		{F35049D6-FD71-4C48-8D6A-7EAE24A4F64D}.Debug|Any CPU.ActiveCfg = Debug|Any CPU
		{F35049D6-FD71-4C48-8D6A-7EAE24A4F64D}.Debug|Any CPU.Build.0 = Debug|Any CPU
		{F35049D6-FD71-4C48-8D6A-7EAE24A4F64D}.Release|Any CPU.ActiveCfg = Release|Any CPU
		{F35049D6-FD71-4C48-8D6A-7EAE24A4F64D}.Release|Any CPU.Build.0 = Release|Any CPU
	EndGlobalSection
	GlobalSection(SolutionProperties) = preSolution
		HideSolutionNode = FALSE
	EndGlobalSection
	GlobalSection(NestedProjects) = preSolution
		{A13D0FA9-8CE4-41EA-A91B-4DB182FAEC4B} = {D4BB27F1-1716-4E6C-A21A-4D05384BDF21}
		{A154C040-1DB2-40FA-9AE8-40936EAB513E} = {02EA681E-C7D8-13C7-8484-4AC65E1B71E8}
		{08DC1A55-EF52-4F5F-9FAA-354A3D2C5CC4} = {D4BB27F1-1716-4E6C-A21A-4D05384BDF21}
		{BF896706-8251-4E63-A33C-BC6BBAAD90AA} = {D4BB27F1-1716-4E6C-A21A-4D05384BDF21}
		{B47BF7C2-5F76-4B9C-A961-031AE29F5139} = {D4BB27F1-1716-4E6C-A21A-4D05384BDF21}
		{D394E71B-F001-45AE-86EF-0039E4383E7A} = {D4BB27F1-1716-4E6C-A21A-4D05384BDF21}
		{F35049D6-FD71-4C48-8D6A-7EAE24A4F64D} = {D4BB27F1-1716-4E6C-A21A-4D05384BDF21}
	EndGlobalSection
	GlobalSection(ExtensibilityGlobals) = postSolution
		SolutionGuid = {610765CF-08F2-4F76-9831-B315A968E05F}
	EndGlobalSection
EndGlobal
